// !$*UTF8*$!
{
	archiveVersion = 1;
	classes = {
	};
	objectVersion = 55;
	objects = {

/* Begin PBXBuildFile section */
		343CB74428F33BCC003B38AC /* AppDelegate.swift in Sources */ = {isa = PBXBuildFile; fileRef = 343CB74328F33BCC003B38AC /* AppDelegate.swift */; };
		343CB75C28F33D2D003B38AC /* AccessLibraryViewController.swift in Sources */ = {isa = PBXBuildFile; fileRef = 343CB75B28F33D2D003B38AC /* AccessLibraryViewController.swift */; };
		343CB75E28F33D5E003B38AC /* SelectPhotoViewController.swift in Sources */ = {isa = PBXBuildFile; fileRef = 343CB75D28F33D5E003B38AC /* SelectPhotoViewController.swift */; };
		343CB76028F33D7C003B38AC /* EditorViewController.swift in Sources */ = {isa = PBXBuildFile; fileRef = 343CB75F28F33D7C003B38AC /* EditorViewController.swift */; };
		343CB76328F33DB1003B38AC /* View.swift in Sources */ = {isa = PBXBuildFile; fileRef = 343CB76228F33DB1003B38AC /* View.swift */; };
		343CB76528F33DCC003B38AC /* RoundedButton.swift in Sources */ = {isa = PBXBuildFile; fileRef = 343CB76428F33DCC003B38AC /* RoundedButton.swift */; };
		343CB76828F34229003B38AC /* PhotosInteractor.swift in Sources */ = {isa = PBXBuildFile; fileRef = 343CB76728F34229003B38AC /* PhotosInteractor.swift */; };
		343CB76A28F346B2003B38AC /* SelectPhotoCell.swift in Sources */ = {isa = PBXBuildFile; fileRef = 343CB76928F346B2003B38AC /* SelectPhotoCell.swift */; };
		344B14C829055FA900AC4C8E /* Editor+TextsView.swift in Sources */ = {isa = PBXBuildFile; fileRef = 344B14C729055FA900AC4C8E /* Editor+TextsView.swift */; };
		344B14CB290561A700AC4C8E /* UIImage.swift in Sources */ = {isa = PBXBuildFile; fileRef = 344B14CA290561A700AC4C8E /* UIImage.swift */; };
		344B14CF2905664C00AC4C8E /* EditorViewController+ToolsDelegate.swift in Sources */ = {isa = PBXBuildFile; fileRef = 344B14CE2905664C00AC4C8E /* EditorViewController+ToolsDelegate.swift */; };
		344B14D12905668800AC4C8E /* EditorViewController+NavigationView.swift in Sources */ = {isa = PBXBuildFile; fileRef = 344B14D02905668800AC4C8E /* EditorViewController+NavigationView.swift */; };
		344B14D52905701900AC4C8E /* EditorViewController+NavigationDelegate.swift in Sources */ = {isa = PBXBuildFile; fileRef = 344B14D42905701900AC4C8E /* EditorViewController+NavigationDelegate.swift */; };
		344B14D72905746E00AC4C8E /* BlurView.swift in Sources */ = {isa = PBXBuildFile; fileRef = 344B14D62905746E00AC4C8E /* BlurView.swift */; };
		344B14D92906743400AC4C8E /* EditorTool.swift in Sources */ = {isa = PBXBuildFile; fileRef = 344B14D82906743400AC4C8E /* EditorTool.swift */; };
		344B14DB2906ACDC00AC4C8E /* OnDrawAnimatedView.swift in Sources */ = {isa = PBXBuildFile; fileRef = 344B14DA2906ACDC00AC4C8E /* OnDrawAnimatedView.swift */; };
		344B14DD2906AD1800AC4C8E /* SystemUptime.swift in Sources */ = {isa = PBXBuildFile; fileRef = 344B14DC2906AD1800AC4C8E /* SystemUptime.swift */; };
		34ABA33928F89C01000330C6 /* ViewController.swift in Sources */ = {isa = PBXBuildFile; fileRef = 34ABA33828F89C01000330C6 /* ViewController.swift */; };
		34ABA33B28F89E96000330C6 /* Assets.xcassets in Resources */ = {isa = PBXBuildFile; fileRef = 34ABA33A28F89E96000330C6 /* Assets.xcassets */; };
		34ABA33D28F89F57000330C6 /* LaunchScreen.storyboard in Resources */ = {isa = PBXBuildFile; fileRef = 34ABA33C28F89F57000330C6 /* LaunchScreen.storyboard */; };
		34ABA33F28F8A0A6000330C6 /* Editor+CanvasView.swift in Sources */ = {isa = PBXBuildFile; fileRef = 34ABA33E28F8A0A6000330C6 /* Editor+CanvasView.swift */; };
		34ABA34128F8A0B3000330C6 /* Editor+ToolsView.swift in Sources */ = {isa = PBXBuildFile; fileRef = 34ABA34028F8A0B3000330C6 /* Editor+ToolsView.swift */; };
		34ABA34628F8B196000330C6 /* Editor+DrawView.swift in Sources */ = {isa = PBXBuildFile; fileRef = 34ABA34528F8B196000330C6 /* Editor+DrawView.swift */; };
		34DED43D290DAF2C0073FA61 /* EditorViewController+CanvasDelegates.swift in Sources */ = {isa = PBXBuildFile; fileRef = 34DED43C290DAF2C0073FA61 /* EditorViewController+CanvasDelegates.swift */; };
		34DED43F290DB05D0073FA61 /* Weak.swift in Sources */ = {isa = PBXBuildFile; fileRef = 34DED43E290DB05D0073FA61 /* Weak.swift */; };
		34DED441290DDBE40073FA61 /* Editor+TextPropertiesSelector.swift in Sources */ = {isa = PBXBuildFile; fileRef = 34DED440290DDBE40073FA61 /* Editor+TextPropertiesSelector.swift */; };
		34EACA4428FB2FBF00D3A167 /* TouchesScrollView.swift in Sources */ = {isa = PBXBuildFile; fileRef = 34EACA4328FB2FBF00D3A167 /* TouchesScrollView.swift */; };
		34EACA4628FB36F600D3A167 /* Editor+ToolsLeftView.swift in Sources */ = {isa = PBXBuildFile; fileRef = 34EACA4528FB36F600D3A167 /* Editor+ToolsLeftView.swift */; };
		34EACA4828FB370700D3A167 /* Editor+ToolsRightView.swift in Sources */ = {isa = PBXBuildFile; fileRef = 34EACA4728FB370700D3A167 /* Editor+ToolsRightView.swift */; };
		34EACA4A28FB373300D3A167 /* Editor+ToolsCenterView.swift in Sources */ = {isa = PBXBuildFile; fileRef = 34EACA4928FB373300D3A167 /* Editor+ToolsCenterView.swift */; };
		34EACA4C28FB399500D3A167 /* Button.swift in Sources */ = {isa = PBXBuildFile; fileRef = 34EACA4B28FB399500D3A167 /* Button.swift */; };
/* End PBXBuildFile section */

/* Begin PBXFileReference section */
		343CB74028F33BCC003B38AC /* Telegram_IOS_Contest_2022.app */ = {isa = PBXFileReference; explicitFileType = wrapper.application; includeInIndex = 0; path = Telegram_IOS_Contest_2022.app; sourceTree = BUILT_PRODUCTS_DIR; };
		343CB74328F33BCC003B38AC /* AppDelegate.swift */ = {isa = PBXFileReference; lastKnownFileType = sourcecode.swift; path = AppDelegate.swift; sourceTree = "<group>"; };
		343CB75128F33BCE003B38AC /* Info.plist */ = {isa = PBXFileReference; lastKnownFileType = text.plist.xml; path = Info.plist; sourceTree = "<group>"; };
		343CB75B28F33D2D003B38AC /* AccessLibraryViewController.swift */ = {isa = PBXFileReference; lastKnownFileType = sourcecode.swift; path = AccessLibraryViewController.swift; sourceTree = "<group>"; };
		343CB75D28F33D5E003B38AC /* SelectPhotoViewController.swift */ = {isa = PBXFileReference; lastKnownFileType = sourcecode.swift; path = SelectPhotoViewController.swift; sourceTree = "<group>"; };
		343CB75F28F33D7C003B38AC /* EditorViewController.swift */ = {isa = PBXFileReference; lastKnownFileType = sourcecode.swift; path = EditorViewController.swift; sourceTree = "<group>"; };
		343CB76228F33DB1003B38AC /* View.swift */ = {isa = PBXFileReference; lastKnownFileType = sourcecode.swift; path = View.swift; sourceTree = "<group>"; };
		343CB76428F33DCC003B38AC /* RoundedButton.swift */ = {isa = PBXFileReference; lastKnownFileType = sourcecode.swift; path = RoundedButton.swift; sourceTree = "<group>"; };
		343CB76728F34229003B38AC /* PhotosInteractor.swift */ = {isa = PBXFileReference; lastKnownFileType = sourcecode.swift; path = PhotosInteractor.swift; sourceTree = "<group>"; };
		343CB76928F346B2003B38AC /* SelectPhotoCell.swift */ = {isa = PBXFileReference; lastKnownFileType = sourcecode.swift; path = SelectPhotoCell.swift; sourceTree = "<group>"; };
		344B14C729055FA900AC4C8E /* Editor+TextsView.swift */ = {isa = PBXFileReference; lastKnownFileType = sourcecode.swift; path = "Editor+TextsView.swift"; sourceTree = "<group>"; };
		344B14CA290561A700AC4C8E /* UIImage.swift */ = {isa = PBXFileReference; lastKnownFileType = sourcecode.swift; path = UIImage.swift; sourceTree = "<group>"; };
		344B14CE2905664C00AC4C8E /* EditorViewController+ToolsDelegate.swift */ = {isa = PBXFileReference; lastKnownFileType = sourcecode.swift; path = "EditorViewController+ToolsDelegate.swift"; sourceTree = "<group>"; };
		344B14D02905668800AC4C8E /* EditorViewController+NavigationView.swift */ = {isa = PBXFileReference; lastKnownFileType = sourcecode.swift; path = "EditorViewController+NavigationView.swift"; sourceTree = "<group>"; };
		344B14D42905701900AC4C8E /* EditorViewController+NavigationDelegate.swift */ = {isa = PBXFileReference; lastKnownFileType = sourcecode.swift; path = "EditorViewController+NavigationDelegate.swift"; sourceTree = "<group>"; };
		344B14D62905746E00AC4C8E /* BlurView.swift */ = {isa = PBXFileReference; fileEncoding = 4; lastKnownFileType = sourcecode.swift; path = BlurView.swift; sourceTree = "<group>"; };
		344B14D82906743400AC4C8E /* EditorTool.swift */ = {isa = PBXFileReference; lastKnownFileType = sourcecode.swift; path = EditorTool.swift; sourceTree = "<group>"; };
		344B14DA2906ACDC00AC4C8E /* OnDrawAnimatedView.swift */ = {isa = PBXFileReference; lastKnownFileType = sourcecode.swift; path = OnDrawAnimatedView.swift; sourceTree = "<group>"; };
		344B14DC2906AD1800AC4C8E /* SystemUptime.swift */ = {isa = PBXFileReference; lastKnownFileType = sourcecode.swift; path = SystemUptime.swift; sourceTree = "<group>"; };
		34ABA33828F89C01000330C6 /* ViewController.swift */ = {isa = PBXFileReference; lastKnownFileType = sourcecode.swift; path = ViewController.swift; sourceTree = "<group>"; };
		34ABA33A28F89E96000330C6 /* Assets.xcassets */ = {isa = PBXFileReference; lastKnownFileType = folder.assetcatalog; path = Assets.xcassets; sourceTree = "<group>"; };
		34ABA33C28F89F57000330C6 /* LaunchScreen.storyboard */ = {isa = PBXFileReference; lastKnownFileType = file.storyboard; path = LaunchScreen.storyboard; sourceTree = "<group>"; };
		34ABA33E28F8A0A6000330C6 /* Editor+CanvasView.swift */ = {isa = PBXFileReference; lastKnownFileType = sourcecode.swift; path = "Editor+CanvasView.swift"; sourceTree = "<group>"; };
		34ABA34028F8A0B3000330C6 /* Editor+ToolsView.swift */ = {isa = PBXFileReference; lastKnownFileType = sourcecode.swift; path = "Editor+ToolsView.swift"; sourceTree = "<group>"; };
		34ABA34528F8B196000330C6 /* Editor+DrawView.swift */ = {isa = PBXFileReference; lastKnownFileType = sourcecode.swift; path = "Editor+DrawView.swift"; sourceTree = "<group>"; };
		34DED43C290DAF2C0073FA61 /* EditorViewController+CanvasDelegates.swift */ = {isa = PBXFileReference; lastKnownFileType = sourcecode.swift; path = "EditorViewController+CanvasDelegates.swift"; sourceTree = "<group>"; };
		34DED43E290DB05D0073FA61 /* Weak.swift */ = {isa = PBXFileReference; lastKnownFileType = sourcecode.swift; path = Weak.swift; sourceTree = "<group>"; };
		34DED440290DDBE40073FA61 /* Editor+TextPropertiesSelector.swift */ = {isa = PBXFileReference; lastKnownFileType = sourcecode.swift; path = "Editor+TextPropertiesSelector.swift"; sourceTree = "<group>"; };
		34EACA4328FB2FBF00D3A167 /* TouchesScrollView.swift */ = {isa = PBXFileReference; lastKnownFileType = sourcecode.swift; path = TouchesScrollView.swift; sourceTree = "<group>"; };
		34EACA4528FB36F600D3A167 /* Editor+ToolsLeftView.swift */ = {isa = PBXFileReference; lastKnownFileType = sourcecode.swift; path = "Editor+ToolsLeftView.swift"; sourceTree = "<group>"; };
		34EACA4728FB370700D3A167 /* Editor+ToolsRightView.swift */ = {isa = PBXFileReference; lastKnownFileType = sourcecode.swift; path = "Editor+ToolsRightView.swift"; sourceTree = "<group>"; };
		34EACA4928FB373300D3A167 /* Editor+ToolsCenterView.swift */ = {isa = PBXFileReference; lastKnownFileType = sourcecode.swift; path = "Editor+ToolsCenterView.swift"; sourceTree = "<group>"; };
		34EACA4B28FB399500D3A167 /* Button.swift */ = {isa = PBXFileReference; lastKnownFileType = sourcecode.swift; path = Button.swift; sourceTree = "<group>"; };
/* End PBXFileReference section */

/* Begin PBXFrameworksBuildPhase section */
		343CB73D28F33BCC003B38AC /* Frameworks */ = {
			isa = PBXFrameworksBuildPhase;
			buildActionMask = 2147483647;
			files = (
			);
			runOnlyForDeploymentPostprocessing = 0;
		};
/* End PBXFrameworksBuildPhase section */

/* Begin PBXGroup section */
		343CB73728F33BCC003B38AC = {
			isa = PBXGroup;
			children = (
				343CB74228F33BCC003B38AC /* Telegram_IOS_Contest_2022 */,
				343CB74128F33BCC003B38AC /* Products */,
			);
			sourceTree = "<group>";
		};
		343CB74128F33BCC003B38AC /* Products */ = {
			isa = PBXGroup;
			children = (
				343CB74028F33BCC003B38AC /* Telegram_IOS_Contest_2022.app */,
			);
			name = Products;
			sourceTree = "<group>";
		};
		343CB74228F33BCC003B38AC /* Telegram_IOS_Contest_2022 */ = {
			isa = PBXGroup;
			children = (
				343CB74328F33BCC003B38AC /* AppDelegate.swift */,
				343CB75128F33BCE003B38AC /* Info.plist */,
				34ABA33A28F89E96000330C6 /* Assets.xcassets */,
				34ABA33C28F89F57000330C6 /* LaunchScreen.storyboard */,
				344B14C92905619700AC4C8E /* Extensions */,
				343CB76628F3420A003B38AC /* Interactors */,
				343CB76128F33D90003B38AC /* Views */,
				343CB75728F33CC2003B38AC /* Screens */,
			);
			path = Telegram_IOS_Contest_2022;
			sourceTree = "<group>";
		};
		343CB75728F33CC2003B38AC /* Screens */ = {
			isa = PBXGroup;
			children = (
				343CB75828F33CE0003B38AC /* AccessLibrary */,
				343CB75928F33CF0003B38AC /* SelectPhoto */,
				343CB75A28F33D0A003B38AC /* Editor */,
			);
			path = Screens;
			sourceTree = "<group>";
		};
		343CB75828F33CE0003B38AC /* AccessLibrary */ = {
			isa = PBXGroup;
			children = (
				343CB75B28F33D2D003B38AC /* AccessLibraryViewController.swift */,
			);
			path = AccessLibrary;
			sourceTree = "<group>";
		};
		343CB75928F33CF0003B38AC /* SelectPhoto */ = {
			isa = PBXGroup;
			children = (
				343CB75D28F33D5E003B38AC /* SelectPhotoViewController.swift */,
				343CB76928F346B2003B38AC /* SelectPhotoCell.swift */,
			);
			path = SelectPhoto;
			sourceTree = "<group>";
		};
		343CB75A28F33D0A003B38AC /* Editor */ = {
			isa = PBXGroup;
			children = (
				343CB75F28F33D7C003B38AC /* EditorViewController.swift */,
				34ABA34228F8AD1D000330C6 /* Subviews */,
				344B14CD2905662400AC4C8E /* Delegates */,
			);
			path = Editor;
			sourceTree = "<group>";
		};
		343CB76128F33D90003B38AC /* Views */ = {
			isa = PBXGroup;
			children = (
				34ABA33828F89C01000330C6 /* ViewController.swift */,
				343CB76228F33DB1003B38AC /* View.swift */,
				34EACA4B28FB399500D3A167 /* Button.swift */,
				343CB76428F33DCC003B38AC /* RoundedButton.swift */,
				34EACA4328FB2FBF00D3A167 /* TouchesScrollView.swift */,
				344B14D62905746E00AC4C8E /* BlurView.swift */,
				344B14DA2906ACDC00AC4C8E /* OnDrawAnimatedView.swift */,
			);
			path = Views;
			sourceTree = "<group>";
		};
		343CB76628F3420A003B38AC /* Interactors */ = {
			isa = PBXGroup;
			children = (
				343CB76728F34229003B38AC /* PhotosInteractor.swift */,
			);
			path = Interactors;
			sourceTree = "<group>";
		};
		344B14C92905619700AC4C8E /* Extensions */ = {
			isa = PBXGroup;
			children = (
				344B14CA290561A700AC4C8E /* UIImage.swift */,
				344B14DC2906AD1800AC4C8E /* SystemUptime.swift */,
				34DED43E290DB05D0073FA61 /* Weak.swift */,
			);
			path = Extensions;
			sourceTree = "<group>";
		};
		344B14CC2905661200AC4C8E /* NavigationView */ = {
			isa = PBXGroup;
			children = (
				344B14D02905668800AC4C8E /* EditorViewController+NavigationView.swift */,
			);
			path = NavigationView;
			sourceTree = "<group>";
		};
		344B14CD2905662400AC4C8E /* Delegates */ = {
			isa = PBXGroup;
			children = (
				344B14CE2905664C00AC4C8E /* EditorViewController+ToolsDelegate.swift */,
				344B14D42905701900AC4C8E /* EditorViewController+NavigationDelegate.swift */,
				34DED43C290DAF2C0073FA61 /* EditorViewController+CanvasDelegates.swift */,
			);
			path = Delegates;
			sourceTree = "<group>";
		};
		34ABA34228F8AD1D000330C6 /* Subviews */ = {
			isa = PBXGroup;
			children = (
				344B14CC2905661200AC4C8E /* NavigationView */,
				34ABA34328F8AD24000330C6 /* Canvas */,
				34ABA34428F8AD29000330C6 /* Tools */,
			);
			path = Subviews;
			sourceTree = "<group>";
		};
		34ABA34328F8AD24000330C6 /* Canvas */ = {
			isa = PBXGroup;
			children = (
				34ABA33E28F8A0A6000330C6 /* Editor+CanvasView.swift */,
				34ABA34528F8B196000330C6 /* Editor+DrawView.swift */,
				344B14C729055FA900AC4C8E /* Editor+TextsView.swift */,
			);
			path = Canvas;
			sourceTree = "<group>";
		};
		34ABA34428F8AD29000330C6 /* Tools */ = {
			isa = PBXGroup;
			children = (
				344B14D82906743400AC4C8E /* EditorTool.swift */,
				34ABA34028F8A0B3000330C6 /* Editor+ToolsView.swift */,
				34EACA4528FB36F600D3A167 /* Editor+ToolsLeftView.swift */,
				34EACA4728FB370700D3A167 /* Editor+ToolsRightView.swift */,
				34EACA4928FB373300D3A167 /* Editor+ToolsCenterView.swift */,
				34DED440290DDBE40073FA61 /* Editor+TextPropertiesSelector.swift */,
			);
			path = Tools;
			sourceTree = "<group>";
		};
/* End PBXGroup section */

/* Begin PBXNativeTarget section */
		343CB73F28F33BCC003B38AC /* Telegram_IOS_Contest_2022 */ = {
			isa = PBXNativeTarget;
			buildConfigurationList = 343CB75428F33BCE003B38AC /* Build configuration list for PBXNativeTarget "Telegram_IOS_Contest_2022" */;
			buildPhases = (
				343CB73C28F33BCC003B38AC /* Sources */,
				343CB73D28F33BCC003B38AC /* Frameworks */,
				343CB73E28F33BCC003B38AC /* Resources */,
			);
			buildRules = (
			);
			dependencies = (
			);
			name = Telegram_IOS_Contest_2022;
			productName = Telegram_IOS_Contest_2022;
			productReference = 343CB74028F33BCC003B38AC /* Telegram_IOS_Contest_2022.app */;
			productType = "com.apple.product-type.application";
		};
/* End PBXNativeTarget section */

/* Begin PBXProject section */
		343CB73828F33BCC003B38AC /* Project object */ = {
			isa = PBXProject;
			attributes = {
				BuildIndependentTargetsInParallel = 1;
				LastSwiftUpdateCheck = 1330;
				LastUpgradeCheck = 1330;
				TargetAttributes = {
					343CB73F28F33BCC003B38AC = {
						CreatedOnToolsVersion = 13.3.1;
					};
				};
			};
			buildConfigurationList = 343CB73B28F33BCC003B38AC /* Build configuration list for PBXProject "Telegram_IOS_Contest_2022" */;
			compatibilityVersion = "Xcode 13.0";
			developmentRegion = en;
			hasScannedForEncodings = 0;
			knownRegions = (
				en,
				Base,
			);
			mainGroup = 343CB73728F33BCC003B38AC;
			productRefGroup = 343CB74128F33BCC003B38AC /* Products */;
			projectDirPath = "";
			projectRoot = "";
			targets = (
				343CB73F28F33BCC003B38AC /* Telegram_IOS_Contest_2022 */,
			);
		};
/* End PBXProject section */

/* Begin PBXResourcesBuildPhase section */
		343CB73E28F33BCC003B38AC /* Resources */ = {
			isa = PBXResourcesBuildPhase;
			buildActionMask = 2147483647;
			files = (
				34ABA33B28F89E96000330C6 /* Assets.xcassets in Resources */,
				34ABA33D28F89F57000330C6 /* LaunchScreen.storyboard in Resources */,
			);
			runOnlyForDeploymentPostprocessing = 0;
		};
/* End PBXResourcesBuildPhase section */

/* Begin PBXSourcesBuildPhase section */
		343CB73C28F33BCC003B38AC /* Sources */ = {
			isa = PBXSourcesBuildPhase;
			buildActionMask = 2147483647;
			files = (
				343CB75C28F33D2D003B38AC /* AccessLibraryViewController.swift in Sources */,
				343CB76828F34229003B38AC /* PhotosInteractor.swift in Sources */,
				344B14D72905746E00AC4C8E /* BlurView.swift in Sources */,
				34EACA4C28FB399500D3A167 /* Button.swift in Sources */,
				343CB76A28F346B2003B38AC /* SelectPhotoCell.swift in Sources */,
				34ABA34628F8B196000330C6 /* Editor+DrawView.swift in Sources */,
				34ABA33928F89C01000330C6 /* ViewController.swift in Sources */,
				343CB76528F33DCC003B38AC /* RoundedButton.swift in Sources */,
				344B14D92906743400AC4C8E /* EditorTool.swift in Sources */,
				34EACA4A28FB373300D3A167 /* Editor+ToolsCenterView.swift in Sources */,
				343CB74428F33BCC003B38AC /* AppDelegate.swift in Sources */,
				343CB76328F33DB1003B38AC /* View.swift in Sources */,
				34DED43D290DAF2C0073FA61 /* EditorViewController+CanvasDelegates.swift in Sources */,
				34DED43F290DB05D0073FA61 /* Weak.swift in Sources */,
				344B14DD2906AD1800AC4C8E /* SystemUptime.swift in Sources */,
				344B14C829055FA900AC4C8E /* Editor+TextsView.swift in Sources */,
				34ABA33F28F8A0A6000330C6 /* Editor+CanvasView.swift in Sources */,
				344B14DB2906ACDC00AC4C8E /* OnDrawAnimatedView.swift in Sources */,
				344B14CF2905664C00AC4C8E /* EditorViewController+ToolsDelegate.swift in Sources */,
				34EACA4828FB370700D3A167 /* Editor+ToolsRightView.swift in Sources */,
				343CB75E28F33D5E003B38AC /* SelectPhotoViewController.swift in Sources */,
				34DED441290DDBE40073FA61 /* Editor+TextPropertiesSelector.swift in Sources */,
				34EACA4628FB36F600D3A167 /* Editor+ToolsLeftView.swift in Sources */,
				344B14D52905701900AC4C8E /* EditorViewController+NavigationDelegate.swift in Sources */,
				34ABA34128F8A0B3000330C6 /* Editor+ToolsView.swift in Sources */,
				344B14CB290561A700AC4C8E /* UIImage.swift in Sources */,
				344B14D12905668800AC4C8E /* EditorViewController+NavigationView.swift in Sources */,
				34EACA4428FB2FBF00D3A167 /* TouchesScrollView.swift in Sources */,
				343CB76028F33D7C003B38AC /* EditorViewController.swift in Sources */,
			);
			runOnlyForDeploymentPostprocessing = 0;
		};
/* End PBXSourcesBuildPhase section */

/* Begin XCBuildConfiguration section */
		343CB75228F33BCE003B38AC /* Debug */ = {
			isa = XCBuildConfiguration;
			buildSettings = {
				ALWAYS_SEARCH_USER_PATHS = NO;
				CLANG_ANALYZER_NONNULL = YES;
				CLANG_ANALYZER_NUMBER_OBJECT_CONVERSION = YES_AGGRESSIVE;
				CLANG_CXX_LANGUAGE_STANDARD = "gnu++17";
				CLANG_ENABLE_MODULES = YES;
				CLANG_ENABLE_OBJC_ARC = YES;
				CLANG_ENABLE_OBJC_WEAK = YES;
				CLANG_WARN_BLOCK_CAPTURE_AUTORELEASING = YES;
				CLANG_WARN_BOOL_CONVERSION = YES;
				CLANG_WARN_COMMA = YES;
				CLANG_WARN_CONSTANT_CONVERSION = YES;
				CLANG_WARN_DEPRECATED_OBJC_IMPLEMENTATIONS = YES;
				CLANG_WARN_DIRECT_OBJC_ISA_USAGE = YES_ERROR;
				CLANG_WARN_DOCUMENTATION_COMMENTS = YES;
				CLANG_WARN_EMPTY_BODY = YES;
				CLANG_WARN_ENUM_CONVERSION = YES;
				CLANG_WARN_INFINITE_RECURSION = YES;
				CLANG_WARN_INT_CONVERSION = YES;
				CLANG_WARN_NON_LITERAL_NULL_CONVERSION = YES;
				CLANG_WARN_OBJC_IMPLICIT_RETAIN_SELF = YES;
				CLANG_WARN_OBJC_LITERAL_CONVERSION = YES;
				CLANG_WARN_OBJC_ROOT_CLASS = YES_ERROR;
				CLANG_WARN_QUOTED_INCLUDE_IN_FRAMEWORK_HEADER = YES;
				CLANG_WARN_RANGE_LOOP_ANALYSIS = YES;
				CLANG_WARN_STRICT_PROTOTYPES = YES;
				CLANG_WARN_SUSPICIOUS_MOVE = YES;
				CLANG_WARN_UNGUARDED_AVAILABILITY = YES_AGGRESSIVE;
				CLANG_WARN_UNREACHABLE_CODE = YES;
				CLANG_WARN__DUPLICATE_METHOD_MATCH = YES;
				COPY_PHASE_STRIP = NO;
				DEBUG_INFORMATION_FORMAT = dwarf;
				ENABLE_STRICT_OBJC_MSGSEND = YES;
				ENABLE_TESTABILITY = YES;
				GCC_C_LANGUAGE_STANDARD = gnu11;
				GCC_DYNAMIC_NO_PIC = NO;
				GCC_NO_COMMON_BLOCKS = YES;
				GCC_OPTIMIZATION_LEVEL = 0;
				GCC_PREPROCESSOR_DEFINITIONS = (
					"DEBUG=1",
					"$(inherited)",
				);
				GCC_WARN_64_TO_32_BIT_CONVERSION = YES;
				GCC_WARN_ABOUT_RETURN_TYPE = YES_ERROR;
				GCC_WARN_UNDECLARED_SELECTOR = YES;
				GCC_WARN_UNINITIALIZED_AUTOS = YES_AGGRESSIVE;
				GCC_WARN_UNUSED_FUNCTION = YES;
				GCC_WARN_UNUSED_VARIABLE = YES;
				IPHONEOS_DEPLOYMENT_TARGET = 15.4;
				MTL_ENABLE_DEBUG_INFO = INCLUDE_SOURCE;
				MTL_FAST_MATH = YES;
				ONLY_ACTIVE_ARCH = YES;
				SDKROOT = iphoneos;
				SWIFT_ACTIVE_COMPILATION_CONDITIONS = DEBUG;
				SWIFT_OPTIMIZATION_LEVEL = "-Onone";
			};
			name = Debug;
		};
		343CB75328F33BCE003B38AC /* Release */ = {
			isa = XCBuildConfiguration;
			buildSettings = {
				ALWAYS_SEARCH_USER_PATHS = NO;
				CLANG_ANALYZER_NONNULL = YES;
				CLANG_ANALYZER_NUMBER_OBJECT_CONVERSION = YES_AGGRESSIVE;
				CLANG_CXX_LANGUAGE_STANDARD = "gnu++17";
				CLANG_ENABLE_MODULES = YES;
				CLANG_ENABLE_OBJC_ARC = YES;
				CLANG_ENABLE_OBJC_WEAK = YES;
				CLANG_WARN_BLOCK_CAPTURE_AUTORELEASING = YES;
				CLANG_WARN_BOOL_CONVERSION = YES;
				CLANG_WARN_COMMA = YES;
				CLANG_WARN_CONSTANT_CONVERSION = YES;
				CLANG_WARN_DEPRECATED_OBJC_IMPLEMENTATIONS = YES;
				CLANG_WARN_DIRECT_OBJC_ISA_USAGE = YES_ERROR;
				CLANG_WARN_DOCUMENTATION_COMMENTS = YES;
				CLANG_WARN_EMPTY_BODY = YES;
				CLANG_WARN_ENUM_CONVERSION = YES;
				CLANG_WARN_INFINITE_RECURSION = YES;
				CLANG_WARN_INT_CONVERSION = YES;
				CLANG_WARN_NON_LITERAL_NULL_CONVERSION = YES;
				CLANG_WARN_OBJC_IMPLICIT_RETAIN_SELF = YES;
				CLANG_WARN_OBJC_LITERAL_CONVERSION = YES;
				CLANG_WARN_OBJC_ROOT_CLASS = YES_ERROR;
				CLANG_WARN_QUOTED_INCLUDE_IN_FRAMEWORK_HEADER = YES;
				CLANG_WARN_RANGE_LOOP_ANALYSIS = YES;
				CLANG_WARN_STRICT_PROTOTYPES = YES;
				CLANG_WARN_SUSPICIOUS_MOVE = YES;
				CLANG_WARN_UNGUARDED_AVAILABILITY = YES_AGGRESSIVE;
				CLANG_WARN_UNREACHABLE_CODE = YES;
				CLANG_WARN__DUPLICATE_METHOD_MATCH = YES;
				COPY_PHASE_STRIP = NO;
				DEBUG_INFORMATION_FORMAT = "dwarf-with-dsym";
				ENABLE_NS_ASSERTIONS = NO;
				ENABLE_STRICT_OBJC_MSGSEND = YES;
				GCC_C_LANGUAGE_STANDARD = gnu11;
				GCC_NO_COMMON_BLOCKS = YES;
				GCC_WARN_64_TO_32_BIT_CONVERSION = YES;
				GCC_WARN_ABOUT_RETURN_TYPE = YES_ERROR;
				GCC_WARN_UNDECLARED_SELECTOR = YES;
				GCC_WARN_UNINITIALIZED_AUTOS = YES_AGGRESSIVE;
				GCC_WARN_UNUSED_FUNCTION = YES;
				GCC_WARN_UNUSED_VARIABLE = YES;
				IPHONEOS_DEPLOYMENT_TARGET = 15.4;
				MTL_ENABLE_DEBUG_INFO = NO;
				MTL_FAST_MATH = YES;
				SDKROOT = iphoneos;
				SWIFT_COMPILATION_MODE = wholemodule;
				SWIFT_OPTIMIZATION_LEVEL = "-O";
				VALIDATE_PRODUCT = YES;
			};
			name = Release;
		};
		343CB75528F33BCE003B38AC /* Debug */ = {
			isa = XCBuildConfiguration;
			buildSettings = {
				ASSETCATALOG_COMPILER_APPICON_NAME = AppIcon;
				ASSETCATALOG_COMPILER_GLOBAL_ACCENT_COLOR_NAME = AccentColor;
				CODE_SIGN_STYLE = Automatic;
				CURRENT_PROJECT_VERSION = 1;
				DEVELOPMENT_TEAM = 8HA3X89398;
				GENERATE_INFOPLIST_FILE = YES;
				INFOPLIST_FILE = Telegram_IOS_Contest_2022/Info.plist;
				INFOPLIST_KEY_NSAppleMusicUsageDescription = "Telegram Contest Pavel Lunev";
				INFOPLIST_KEY_NSPhotoLibraryUsageDescription = "Telegram Contest Pavel Lunev";
				INFOPLIST_KEY_UIApplicationSupportsIndirectInputEvents = YES;
				INFOPLIST_KEY_UILaunchStoryboardName = LaunchScreen;
				INFOPLIST_KEY_UISupportedInterfaceOrientations = UIInterfaceOrientationPortrait;
				INFOPLIST_KEY_UISupportedInterfaceOrientations_iPad = "UIInterfaceOrientationPortrait UIInterfaceOrientationPortraitUpsideDown UIInterfaceOrientationLandscapeLeft UIInterfaceOrientationLandscapeRight";
				INFOPLIST_KEY_UISupportedInterfaceOrientations_iPhone = "UIInterfaceOrientationPortrait UIInterfaceOrientationLandscapeLeft UIInterfaceOrientationLandscapeRight";
				LD_RUNPATH_SEARCH_PATHS = (
					"$(inherited)",
					"@executable_path/Frameworks",
				);
				MARKETING_VERSION = 1.0;
				PRODUCT_BUNDLE_IDENTIFIER = com.development.telegramContest2022;
				PRODUCT_NAME = "$(TARGET_NAME)";
				SWIFT_EMIT_LOC_STRINGS = YES;
				SWIFT_VERSION = 5.0;
				TARGETED_DEVICE_FAMILY = 1;
			};
			name = Debug;
		};
		343CB75628F33BCE003B38AC /* Release */ = {
			isa = XCBuildConfiguration;
			buildSettings = {
				ASSETCATALOG_COMPILER_APPICON_NAME = AppIcon;
				ASSETCATALOG_COMPILER_GLOBAL_ACCENT_COLOR_NAME = AccentColor;
				CODE_SIGN_STYLE = Automatic;
				CURRENT_PROJECT_VERSION = 1;
				DEVELOPMENT_TEAM = 8HA3X89398;
				GENERATE_INFOPLIST_FILE = YES;
				INFOPLIST_FILE = Telegram_IOS_Contest_2022/Info.plist;
				INFOPLIST_KEY_NSAppleMusicUsageDescription = "Telegram Contest Pavel Lunev";
				INFOPLIST_KEY_NSPhotoLibraryUsageDescription = "Telegram Contest Pavel Lunev";
				INFOPLIST_KEY_UIApplicationSupportsIndirectInputEvents = YES;
				INFOPLIST_KEY_UILaunchStoryboardName = LaunchScreen;
				INFOPLIST_KEY_UISupportedInterfaceOrientations = UIInterfaceOrientationPortrait;
				INFOPLIST_KEY_UISupportedInterfaceOrientations_iPad = "UIInterfaceOrientationPortrait UIInterfaceOrientationPortraitUpsideDown UIInterfaceOrientationLandscapeLeft UIInterfaceOrientationLandscapeRight";
				INFOPLIST_KEY_UISupportedInterfaceOrientations_iPhone = "UIInterfaceOrientationPortrait UIInterfaceOrientationLandscapeLeft UIInterfaceOrientationLandscapeRight";
				LD_RUNPATH_SEARCH_PATHS = (
					"$(inherited)",
					"@executable_path/Frameworks",
				);
				MARKETING_VERSION = 1.0;
				PRODUCT_BUNDLE_IDENTIFIER = com.development.telegramContest2022;
				PRODUCT_NAME = "$(TARGET_NAME)";
				SWIFT_EMIT_LOC_STRINGS = YES;
				SWIFT_VERSION = 5.0;
				TARGETED_DEVICE_FAMILY = 1;
			};
			name = Release;
		};
/* End XCBuildConfiguration section */

/* Begin XCConfigurationList section */
		343CB73B28F33BCC003B38AC /* Build configuration list for PBXProject "Telegram_IOS_Contest_2022" */ = {
			isa = XCConfigurationList;
			buildConfigurations = (
				343CB75228F33BCE003B38AC /* Debug */,
				343CB75328F33BCE003B38AC /* Release */,
			);
			defaultConfigurationIsVisible = 0;
			defaultConfigurationName = Release;
		};
		343CB75428F33BCE003B38AC /* Build configuration list for PBXNativeTarget "Telegram_IOS_Contest_2022" */ = {
			isa = XCConfigurationList;
			buildConfigurations = (
				343CB75528F33BCE003B38AC /* Debug */,
				343CB75628F33BCE003B38AC /* Release */,
			);
			defaultConfigurationIsVisible = 0;
			defaultConfigurationName = Release;
		};
/* End XCConfigurationList section */
	};
	rootObject = 343CB73828F33BCC003B38AC /* Project object */;
}
